PODS:
  - MiaoKiit (0.1.0):
    - SnapKit
  - SnapKit (5.0.1)

DEPENDENCIES:
  - MiaoKiit (from `../../MiaoKiit/`)

SPEC REPOS:
  trunk:
    - SnapKit

EXTERNAL SOURCES:
  MiaoKiit:
    :path: "../../MiaoKiit/"

SPEC CHECKSUMS:
  MiaoKiit: 9a7744b51de8ae589b6db20d08162b29114c7c51
  SnapKit: 97b92857e3df3a0c71833cce143274bf6ef8e5eb

PODFILE CHECKSUM: c58f452565e369e877f1f23794f5d428bfdc22a1

COCOAPODS: 1.11.2
