PODS:
  - LookinServer (1.1.5):
    - LookinServer/Core (= 1.1.5)
  - LookinServer/Core (1.1.5)
  - MBProgressHUD (1.2.0)
  - MKSwiftRes (0.1.0):
    - MBProgressHUD
    - SnapKit
  - SnapKit (5.6.0)

DEPENDENCIES:
  - LookinServer
  - MKSwiftRes (from `../MKSwiftRes/`)

SPEC REPOS:
  trunk:
    - LookinServer
    - MBProgressHUD
    - SnapKit

EXTERNAL SOURCES:
  MKSwiftRes:
    :path: "../MKSwiftRes/"

SPEC CHECKSUMS:
  LookinServer: 2893f2bae53cbf3fd49bbe1a8ea1745582ef1317
  MBProgressHUD: 3ee5efcc380f6a79a7cc9b363dd669c5e1ae7406
  MKSwiftRes: 10029cbd06465d20325a7029fe697420c94a7303
  SnapKit: e01d52ebb8ddbc333eefe2132acf85c8227d9c25

PODFILE CHECKSUM: b8837c675bf23a328e6c404da01302186f2acd6b

COCOAPODS: 1.11.3
